
Microsoft Visual Studio Solution File, Format Version 12.00
# Visual Studio Version 17
VisualStudioVersion = 17.10.35027.167
MinimumVisualStudioVersion = 10.0.40219.1
Project("{54A90642-561A-4BB1-A94E-469ADEE60C69}") = "angularappcmsbbq.client", "angularappcmsbbq.client\angularappcmsbbq.client.esproj", "{B724715E-3ADF-42D1-9043-E6ADF05ECBEC}"
EndProject
Project("{9A19103F-16F7-4668-BE54-9A1E7A4F7556}") = "WebApplication1", "..\..\..\..\CSharp\2022\ASP .NET Core\Api\Cms-ManyRoles\WebApplication1\WebApplication1.csproj", "{BBA3598F-14D2-4DCA-B462-9F44E02F5EEF}"
EndProject
Project("{9A19103F-16F7-4668-BE54-9A1E7A4F7556}") = "Frameworks", "..\..\..\..\CSharp\2022\ASP .NET Core\Api\Cms-ManyRoles\Frameworks\Frameworks.csproj", "{06FBC04D-CE85-493E-87DD-38AF7DF2350B}"
EndProject
Project("{9A19103F-16F7-4668-BE54-9A1E7A4F7556}") = "Domain", "..\..\..\..\CSharp\2022\ASP .NET Core\Api\Cms-ManyRoles\Domain\Domain.csproj", "{457791B3-B460-44FF-B33C-20E2137389E6}"
EndProject
Project("{9A19103F-16F7-4668-BE54-9A1E7A4F7556}") = "Data", "..\..\..\..\CSharp\2022\ASP .NET Core\Api\Cms-ManyRoles\Data\Data.csproj", "{39D12195-A5E2-4A1D-AB91-5C813A763C45}"
EndProject
Project("{9A19103F-16F7-4668-BE54-9A1E7A4F7556}") = "Application", "..\..\..\..\CSharp\2022\ASP .NET Core\Api\Cms-ManyRoles\Application\Application.csproj", "{A2770C0D-8E52-46A8-9D90-42ED77BD770D}"
EndProject
Global
	GlobalSection(SolutionConfigurationPlatforms) = preSolution
		Debug|Any CPU = Debug|Any CPU
		Release|Any CPU = Release|Any CPU
	EndGlobalSection
	GlobalSection(ProjectConfigurationPlatforms) = postSolution
		{B724715E-3ADF-42D1-9043-E6ADF05ECBEC}.Debug|Any CPU.ActiveCfg = Debug|Any CPU
		{B724715E-3ADF-42D1-9043-E6ADF05ECBEC}.Debug|Any CPU.Build.0 = Debug|Any CPU
		{B724715E-3ADF-42D1-9043-E6ADF05ECBEC}.Debug|Any CPU.Deploy.0 = Debug|Any CPU
		{B724715E-3ADF-42D1-9043-E6ADF05ECBEC}.Release|Any CPU.ActiveCfg = Release|Any CPU
		{B724715E-3ADF-42D1-9043-E6ADF05ECBEC}.Release|Any CPU.Build.0 = Release|Any CPU
		{B724715E-3ADF-42D1-9043-E6ADF05ECBEC}.Release|Any CPU.Deploy.0 = Release|Any CPU
		{BBA3598F-14D2-4DCA-B462-9F44E02F5EEF}.Debug|Any CPU.ActiveCfg = Debug|Any CPU
		{BBA3598F-14D2-4DCA-B462-9F44E02F5EEF}.Debug|Any CPU.Build.0 = Debug|Any CPU
		{BBA3598F-14D2-4DCA-B462-9F44E02F5EEF}.Release|Any CPU.ActiveCfg = Release|Any CPU
		{BBA3598F-14D2-4DCA-B462-9F44E02F5EEF}.Release|Any CPU.Build.0 = Release|Any CPU
		{06FBC04D-CE85-493E-87DD-38AF7DF2350B}.Debug|Any CPU.ActiveCfg = Debug|Any CPU
		{06FBC04D-CE85-493E-87DD-38AF7DF2350B}.Debug|Any CPU.Build.0 = Debug|Any CPU
		{06FBC04D-CE85-493E-87DD-38AF7DF2350B}.Release|Any CPU.ActiveCfg = Release|Any CPU
		{06FBC04D-CE85-493E-87DD-38AF7DF2350B}.Release|Any CPU.Build.0 = Release|Any CPU
		{457791B3-B460-44FF-B33C-20E2137389E6}.Debug|Any CPU.ActiveCfg = Debug|Any CPU
		{457791B3-B460-44FF-B33C-20E2137389E6}.Debug|Any CPU.Build.0 = Debug|Any CPU
		{457791B3-B460-44FF-B33C-20E2137389E6}.Release|Any CPU.ActiveCfg = Release|Any CPU
		{457791B3-B460-44FF-B33C-20E2137389E6}.Release|Any CPU.Build.0 = Release|Any CPU
		{39D12195-A5E2-4A1D-AB91-5C813A763C45}.Debug|Any CPU.ActiveCfg = Debug|Any CPU
		{39D12195-A5E2-4A1D-AB91-5C813A763C45}.Debug|Any CPU.Build.0 = Debug|Any CPU
		{39D12195-A5E2-4A1D-AB91-5C813A763C45}.Release|Any CPU.ActiveCfg = Release|Any CPU
		{39D12195-A5E2-4A1D-AB91-5C813A763C45}.Release|Any CPU.Build.0 = Release|Any CPU
		{A2770C0D-8E52-46A8-9D90-42ED77BD770D}.Debug|Any CPU.ActiveCfg = Debug|Any CPU
		{A2770C0D-8E52-46A8-9D90-42ED77BD770D}.Debug|Any CPU.Build.0 = Debug|Any CPU
		{A2770C0D-8E52-46A8-9D90-42ED77BD770D}.Release|Any CPU.ActiveCfg = Release|Any CPU
		{A2770C0D-8E52-46A8-9D90-42ED77BD770D}.Release|Any CPU.Build.0 = Release|Any CPU
	EndGlobalSection
	GlobalSection(SolutionProperties) = preSolution
		HideSolutionNode = FALSE
	EndGlobalSection
	GlobalSection(ExtensibilityGlobals) = postSolution
		SolutionGuid = {E4795546-90AE-4900-A7FD-3F27E1AA7138}
	EndGlobalSection
EndGlobal
